# THIS IS AN AUTOGENERATED FILE. DO NOT EDIT THIS FILE DIRECTLY.
# yarn lockfile v1


"asynckit@^0.4.0":
  "integrity" "sha1-x57Zf380y48robyXkLzDZkdLS3k="
  "resolved" "https://registry-npm.rd.chanjet.com/asynckit/download/asynckit-0.4.0.tgz"
  "version" "0.4.0"

"axios@^1.6.8":
  "integrity" "sha1-ZtKUlR9dmIoA6HoP+5VTFqYZ6mY="
  "resolved" "https://registry-npm.rd.chanjet.com/axios/download/axios-1.6.8.tgz"
  "version" "1.6.8"
  dependencies:
    "follow-redirects" "^1.15.6"
    "form-data" "^4.0.0"
    "proxy-from-env" "^1.1.0"

"combined-stream@^1.0.8":
  "integrity" "sha1-w9RaizT9cwYxoRCoolIGgrMdWn8="
  "resolved" "https://registry-npm.rd.chanjet.com/combined-stream/download/combined-stream-1.0.8.tgz"
  "version" "1.0.8"
  dependencies:
    "delayed-stream" "~1.0.0"

"delayed-stream@~1.0.0":
  "integrity" "sha1-3zrhmayt+31ECqrgsp4icrJOxhk="
  "resolved" "https://registry-npm.rd.chanjet.com/delayed-stream/download/delayed-stream-1.0.0.tgz"
  "version" "1.0.0"

"follow-redirects@^1.15.6":
  "integrity" "sha1-f4FcDNpCScdP8J6V75fCO1/QOZs="
  "resolved" "https://registry-npm.rd.chanjet.com/follow-redirects/download/follow-redirects-1.15.6.tgz"
  "version" "1.15.6"

"form-data@^4.0.0":
  "integrity" "sha1-k5Gdrq82HuUpWEubMWZNwSyfpFI="
  "resolved" "https://registry-npm.rd.chanjet.com/form-data/download/form-data-4.0.0.tgz"
  "version" "4.0.0"
  dependencies:
    "asynckit" "^0.4.0"
    "combined-stream" "^1.0.8"
    "mime-types" "^2.1.12"

"mime-db@1.52.0":
  "integrity" "sha1-u6vNwChZ9JhzAchW4zh85exDv3A="
  "resolved" "https://registry-npm.rd.chanjet.com/mime-db/download/mime-db-1.52.0.tgz"
  "version" "1.52.0"

"mime-types@^2.1.12":
  "integrity" "sha1-OBqHG2KnNEUGYK497uRIE/cNlZo="
  "resolved" "https://registry-npm.rd.chanjet.com/mime-types/download/mime-types-2.1.35.tgz"
  "version" "2.1.35"
  dependencies:
    "mime-db" "1.52.0"

"proxy-from-env@^1.1.0":
  "integrity" "sha1-4QLxbKNVQkhldV0sno6k8k1Yw+I="
  "resolved" "https://registry-npm.rd.chanjet.com/proxy-from-env/download/proxy-from-env-1.1.0.tgz"
  "version" "1.1.0"

"reflect-metadata@^0.2.1":
  "integrity" "sha1-jVUTwPXvK0ucOGUofzwJQMH2f3Q="
  "resolved" "https://registry-npm.rd.chanjet.com/reflect-metadata/download/reflect-metadata-0.2.1.tgz"
  "version" "0.2.1"
